// !$*UTF8*$!
{
	archiveVersion = 1;
	classes = {
	};
	objectVersion = 56;
	objects = {

/* Begin PBXBuildFile section */
		A15791F2292DD1DC00B8E50F /* DeviceDetailView.swift in Sources */ = {isa = PBXBuildFile; fileRef = A15791F1292DD1DC00B8E50F /* DeviceDetailView.swift */; };
		A15791F4292DD32B00B8E50F /* DeviceListView.swift in Sources */ = {isa = PBXBuildFile; fileRef = A15791F3292DD32B00B8E50F /* DeviceListView.swift */; };
		A15791F6292F8E3100B8E50F /* Device.swift in Sources */ = {isa = PBXBuildFile; fileRef = A15791F5292F8E3100B8E50F /* Device.swift */; };
		A15791F8292F993900B8E50F /* MESHConstant.swift in Sources */ = {isa = PBXBuildFile; fileRef = A15791F7292F993900B8E50F /* MESHConstant.swift */; };
		A160B07A292BB882003EAC83 /* DeviceManager.swift in Sources */ = {isa = PBXBuildFile; fileRef = A160B079292BB882003EAC83 /* DeviceManager.swift */; };
		A162BADF293257180069B653 /* DeviceButtonView.swift in Sources */ = {isa = PBXBuildFile; fileRef = A162BADE293257180069B653 /* DeviceButtonView.swift */; };
		A169DE8D292B7AE000EFABCC /* BLEApp.swift in Sources */ = {isa = PBXBuildFile; fileRef = A169DE8C292B7AE000EFABCC /* BLEApp.swift */; };
		A169DE8F292B7AE000EFABCC /* ContentView.swift in Sources */ = {isa = PBXBuildFile; fileRef = A169DE8E292B7AE000EFABCC /* ContentView.swift */; };
		A169DE91292B7AE100EFABCC /* Assets.xcassets in Resources */ = {isa = PBXBuildFile; fileRef = A169DE90292B7AE100EFABCC /* Assets.xcassets */; };
		A169DE94292B7AE100EFABCC /* Preview Assets.xcassets in Resources */ = {isa = PBXBuildFile; fileRef = A169DE93292B7AE100EFABCC /* Preview Assets.xcassets */; };
		A169DE9E292B7AE100EFABCC /* BLETests.swift in Sources */ = {isa = PBXBuildFile; fileRef = A169DE9D292B7AE100EFABCC /* BLETests.swift */; };
		A169DEA8292B7AE100EFABCC /* BLEUITests.swift in Sources */ = {isa = PBXBuildFile; fileRef = A169DEA7292B7AE100EFABCC /* BLEUITests.swift */; };
		A169DEAA292B7AE100EFABCC /* BLEUITestsLaunchTests.swift in Sources */ = {isa = PBXBuildFile; fileRef = A169DEA9292B7AE100EFABCC /* BLEUITestsLaunchTests.swift */; };
/* End PBXBuildFile section */

/* Begin PBXContainerItemProxy section */
		A169DE9A292B7AE100EFABCC /* PBXContainerItemProxy */ = {
			isa = PBXContainerItemProxy;
			containerPortal = A169DE81292B7AE000EFABCC /* Project object */;
			proxyType = 1;
			remoteGlobalIDString = A169DE88292B7AE000EFABCC;
			remoteInfo = BLE;
		};
		A169DEA4292B7AE100EFABCC /* PBXContainerItemProxy */ = {
			isa = PBXContainerItemProxy;
			containerPortal = A169DE81292B7AE000EFABCC /* Project object */;
			proxyType = 1;
			remoteGlobalIDString = A169DE88292B7AE000EFABCC;
			remoteInfo = BLE;
		};
/* End PBXContainerItemProxy section */

/* Begin PBXFileReference section */
		A15791F1292DD1DC00B8E50F /* DeviceDetailView.swift */ = {isa = PBXFileReference; lastKnownFileType = sourcecode.swift; path = DeviceDetailView.swift; sourceTree = "<group>"; };
		A15791F3292DD32B00B8E50F /* DeviceListView.swift */ = {isa = PBXFileReference; lastKnownFileType = sourcecode.swift; path = DeviceListView.swift; sourceTree = "<group>"; };
		A15791F5292F8E3100B8E50F /* Device.swift */ = {isa = PBXFileReference; lastKnownFileType = sourcecode.swift; path = Device.swift; sourceTree = "<group>"; };
		A15791F7292F993900B8E50F /* MESHConstant.swift */ = {isa = PBXFileReference; lastKnownFileType = sourcecode.swift; path = MESHConstant.swift; sourceTree = "<group>"; };
		A160B079292BB882003EAC83 /* DeviceManager.swift */ = {isa = PBXFileReference; lastKnownFileType = sourcecode.swift; path = DeviceManager.swift; sourceTree = "<group>"; };
		A162BADE293257180069B653 /* DeviceButtonView.swift */ = {isa = PBXFileReference; lastKnownFileType = sourcecode.swift; path = DeviceButtonView.swift; sourceTree = "<group>"; };
		A169DE89292B7AE000EFABCC /* BLE.app */ = {isa = PBXFileReference; explicitFileType = wrapper.application; includeInIndex = 0; path = BLE.app; sourceTree = BUILT_PRODUCTS_DIR; };
		A169DE8C292B7AE000EFABCC /* BLEApp.swift */ = {isa = PBXFileReference; lastKnownFileType = sourcecode.swift; path = BLEApp.swift; sourceTree = "<group>"; };
		A169DE8E292B7AE000EFABCC /* ContentView.swift */ = {isa = PBXFileReference; lastKnownFileType = sourcecode.swift; path = ContentView.swift; sourceTree = "<group>"; };
		A169DE90292B7AE100EFABCC /* Assets.xcassets */ = {isa = PBXFileReference; lastKnownFileType = folder.assetcatalog; path = Assets.xcassets; sourceTree = "<group>"; };
		A169DE93292B7AE100EFABCC /* Preview Assets.xcassets */ = {isa = PBXFileReference; lastKnownFileType = folder.assetcatalog; path = "Preview Assets.xcassets"; sourceTree = "<group>"; };
		A169DE99292B7AE100EFABCC /* BLETests.xctest */ = {isa = PBXFileReference; explicitFileType = wrapper.cfbundle; includeInIndex = 0; path = BLETests.xctest; sourceTree = BUILT_PRODUCTS_DIR; };
		A169DE9D292B7AE100EFABCC /* BLETests.swift */ = {isa = PBXFileReference; lastKnownFileType = sourcecode.swift; path = BLETests.swift; sourceTree = "<group>"; };
		A169DEA3292B7AE100EFABCC /* BLEUITests.xctest */ = {isa = PBXFileReference; explicitFileType = wrapper.cfbundle; includeInIndex = 0; path = BLEUITests.xctest; sourceTree = BUILT_PRODUCTS_DIR; };
		A169DEA7292B7AE100EFABCC /* BLEUITests.swift */ = {isa = PBXFileReference; lastKnownFileType = sourcecode.swift; path = BLEUITests.swift; sourceTree = "<group>"; };
		A169DEA9292B7AE100EFABCC /* BLEUITestsLaunchTests.swift */ = {isa = PBXFileReference; lastKnownFileType = sourcecode.swift; path = BLEUITestsLaunchTests.swift; sourceTree = "<group>"; };
/* End PBXFileReference section */

/* Begin PBXFrameworksBuildPhase section */
		A169DE86292B7AE000EFABCC /* Frameworks */ = {
			isa = PBXFrameworksBuildPhase;
			buildActionMask = 2147483647;
			files = (
			);
			runOnlyForDeploymentPostprocessing = 0;
		};
		A169DE96292B7AE100EFABCC /* Frameworks */ = {
			isa = PBXFrameworksBuildPhase;
			buildActionMask = 2147483647;
			files = (
			);
			runOnlyForDeploymentPostprocessing = 0;
		};
		A169DEA0292B7AE100EFABCC /* Frameworks */ = {
			isa = PBXFrameworksBuildPhase;
			buildActionMask = 2147483647;
			files = (
			);
			runOnlyForDeploymentPostprocessing = 0;
		};
/* End PBXFrameworksBuildPhase section */

/* Begin PBXGroup section */
		A169DE80292B7AE000EFABCC = {
			isa = PBXGroup;
			children = (
				A169DE8B292B7AE000EFABCC /* BLE */,
				A169DE9C292B7AE100EFABCC /* BLETests */,
				A169DEA6292B7AE100EFABCC /* BLEUITests */,
				A169DE8A292B7AE000EFABCC /* Products */,
			);
			sourceTree = "<group>";
		};
		A169DE8A292B7AE000EFABCC /* Products */ = {
			isa = PBXGroup;
			children = (
				A169DE89292B7AE000EFABCC /* BLE.app */,
				A169DE99292B7AE100EFABCC /* BLETests.xctest */,
				A169DEA3292B7AE100EFABCC /* BLEUITests.xctest */,
			);
			name = Products;
			sourceTree = "<group>";
		};
		A169DE8B292B7AE000EFABCC /* BLE */ = {
			isa = PBXGroup;
			children = (
				A169DE8C292B7AE000EFABCC /* BLEApp.swift */,
				A15791F5292F8E3100B8E50F /* Device.swift */,
				A160B079292BB882003EAC83 /* DeviceManager.swift */,
				A15791F7292F993900B8E50F /* MESHConstant.swift */,
				A169DE8E292B7AE000EFABCC /* ContentView.swift */,
				A15791F1292DD1DC00B8E50F /* DeviceDetailView.swift */,
				A162BADE293257180069B653 /* DeviceButtonView.swift */,
				A15791F3292DD32B00B8E50F /* DeviceListView.swift */,
				A169DE90292B7AE100EFABCC /* Assets.xcassets */,
				A169DE92292B7AE100EFABCC /* Preview Content */,
			);
			path = BLE;
			sourceTree = "<group>";
		};
		A169DE92292B7AE100EFABCC /* Preview Content */ = {
			isa = PBXGroup;
			children = (
				A169DE93292B7AE100EFABCC /* Preview Assets.xcassets */,
			);
			path = "Preview Content";
			sourceTree = "<group>";
		};
		A169DE9C292B7AE100EFABCC /* BLETests */ = {
			isa = PBXGroup;
			children = (
				A169DE9D292B7AE100EFABCC /* BLETests.swift */,
			);
			path = BLETests;
			sourceTree = "<group>";
		};
		A169DEA6292B7AE100EFABCC /* BLEUITests */ = {
			isa = PBXGroup;
			children = (
				A169DEA7292B7AE100EFABCC /* BLEUITests.swift */,
				A169DEA9292B7AE100EFABCC /* BLEUITestsLaunchTests.swift */,
			);
			path = BLEUITests;
			sourceTree = "<group>";
		};
/* End PBXGroup section */

/* Begin PBXNativeTarget section */
		A169DE88292B7AE000EFABCC /* BLE */ = {
			isa = PBXNativeTarget;
			buildConfigurationList = A169DEAD292B7AE100EFABCC /* Build configuration list for PBXNativeTarget "BLE" */;
			buildPhases = (
				A169DE85292B7AE000EFABCC /* Sources */,
				A169DE86292B7AE000EFABCC /* Frameworks */,
				A169DE87292B7AE000EFABCC /* Resources */,
			);
			buildRules = (
			);
			dependencies = (
			);
			name = BLE;
			productName = BLE;
			productReference = A169DE89292B7AE000EFABCC /* BLE.app */;
			productType = "com.apple.product-type.application";
		};
		A169DE98292B7AE100EFABCC /* BLETests */ = {
			isa = PBXNativeTarget;
			buildConfigurationList = A169DEB0292B7AE100EFABCC /* Build configuration list for PBXNativeTarget "BLETests" */;
			buildPhases = (
				A169DE95292B7AE100EFABCC /* Sources */,
				A169DE96292B7AE100EFABCC /* Frameworks */,
				A169DE97292B7AE100EFABCC /* Resources */,
			);
			buildRules = (
			);
			dependencies = (
				A169DE9B292B7AE100EFABCC /* PBXTargetDependency */,
			);
			name = BLETests;
			productName = BLETests;
			productReference = A169DE99292B7AE100EFABCC /* BLETests.xctest */;
			productType = "com.apple.product-type.bundle.unit-test";
		};
		A169DEA2292B7AE100EFABCC /* BLEUITests */ = {
			isa = PBXNativeTarget;
			buildConfigurationList = A169DEB3292B7AE100EFABCC /* Build configuration list for PBXNativeTarget "BLEUITests" */;
			buildPhases = (
				A169DE9F292B7AE100EFABCC /* Sources */,
				A169DEA0292B7AE100EFABCC /* Frameworks */,
				A169DEA1292B7AE100EFABCC /* Resources */,
			);
			buildRules = (
			);
			dependencies = (
				A169DEA5292B7AE100EFABCC /* PBXTargetDependency */,
			);
			name = BLEUITests;
			productName = BLEUITests;
			productReference = A169DEA3292B7AE100EFABCC /* BLEUITests.xctest */;
			productType = "com.apple.product-type.bundle.ui-testing";
		};
/* End PBXNativeTarget section */

/* Begin PBXProject section */
		A169DE81292B7AE000EFABCC /* Project object */ = {
			isa = PBXProject;
			attributes = {
				BuildIndependentTargetsInParallel = 1;
				LastSwiftUpdateCheck = 1410;
				LastUpgradeCheck = 1410;
				TargetAttributes = {
					A169DE88292B7AE000EFABCC = {
						CreatedOnToolsVersion = 14.1;
					};
					A169DE98292B7AE100EFABCC = {
						CreatedOnToolsVersion = 14.1;
						TestTargetID = A169DE88292B7AE000EFABCC;
					};
					A169DEA2292B7AE100EFABCC = {
						CreatedOnToolsVersion = 14.1;
						TestTargetID = A169DE88292B7AE000EFABCC;
					};
				};
			};
			buildConfigurationList = A169DE84292B7AE000EFABCC /* Build configuration list for PBXProject "BLE" */;
			compatibilityVersion = "Xcode 14.0";
			developmentRegion = en;
			hasScannedForEncodings = 0;
			knownRegions = (
				en,
				Base,
			);
			mainGroup = A169DE80292B7AE000EFABCC;
			productRefGroup = A169DE8A292B7AE000EFABCC /* Products */;
			projectDirPath = "";
			projectRoot = "";
			targets = (
				A169DE88292B7AE000EFABCC /* BLE */,
				A169DE98292B7AE100EFABCC /* BLETests */,
				A169DEA2292B7AE100EFABCC /* BLEUITests */,
			);
		};
/* End PBXProject section */

/* Begin PBXResourcesBuildPhase section */
		A169DE87292B7AE000EFABCC /* Resources */ = {
			isa = PBXResourcesBuildPhase;
			buildActionMask = 2147483647;
			files = (
				A169DE94292B7AE100EFABCC /* Preview Assets.xcassets in Resources */,
				A169DE91292B7AE100EFABCC /* Assets.xcassets in Resources */,
			);
			runOnlyForDeploymentPostprocessing = 0;
		};
		A169DE97292B7AE100EFABCC /* Resources */ = {
			isa = PBXResourcesBuildPhase;
			buildActionMask = 2147483647;
			files = (
			);
			runOnlyForDeploymentPostprocessing = 0;
		};
		A169DEA1292B7AE100EFABCC /* Resources */ = {
			isa = PBXResourcesBuildPhase;
			buildActionMask = 2147483647;
			files = (
			);
			runOnlyForDeploymentPostprocessing = 0;
		};
/* End PBXResourcesBuildPhase section */

/* Begin PBXSourcesBuildPhase section */
		A169DE85292B7AE000EFABCC /* Sources */ = {
			isa = PBXSourcesBuildPhase;
			buildActionMask = 2147483647;
			files = (
				A162BADF293257180069B653 /* DeviceButtonView.swift in Sources */,
				A15791F4292DD32B00B8E50F /* DeviceListView.swift in Sources */,
				A160B07A292BB882003EAC83 /* DeviceManager.swift in Sources */,
				A169DE8F292B7AE000EFABCC /* ContentView.swift in Sources */,
				A15791F2292DD1DC00B8E50F /* DeviceDetailView.swift in Sources */,
				A15791F8292F993900B8E50F /* MESHConstant.swift in Sources */,
				A15791F6292F8E3100B8E50F /* Device.swift in Sources */,
				A169DE8D292B7AE000EFABCC /* BLEApp.swift in Sources */,
			);
			runOnlyForDeploymentPostprocessing = 0;
		};
		A169DE95292B7AE100EFABCC /* Sources */ = {
			isa = PBXSourcesBuildPhase;
			buildActionMask = 2147483647;
			files = (
				A169DE9E292B7AE100EFABCC /* BLETests.swift in Sources */,
			);
			runOnlyForDeploymentPostprocessing = 0;
		};
		A169DE9F292B7AE100EFABCC /* Sources */ = {
			isa = PBXSourcesBuildPhase;
			buildActionMask = 2147483647;
			files = (
				A169DEAA292B7AE100EFABCC /* BLEUITestsLaunchTests.swift in Sources */,
				A169DEA8292B7AE100EFABCC /* BLEUITests.swift in Sources */,
			);
			runOnlyForDeploymentPostprocessing = 0;
		};
/* End PBXSourcesBuildPhase section */

/* Begin PBXTargetDependency section */
		A169DE9B292B7AE100EFABCC /* PBXTargetDependency */ = {
			isa = PBXTargetDependency;
			target = A169DE88292B7AE000EFABCC /* BLE */;
			targetProxy = A169DE9A292B7AE100EFABCC /* PBXContainerItemProxy */;
		};
		A169DEA5292B7AE100EFABCC /* PBXTargetDependency */ = {
			isa = PBXTargetDependency;
			target = A169DE88292B7AE000EFABCC /* BLE */;
			targetProxy = A169DEA4292B7AE100EFABCC /* PBXContainerItemProxy */;
		};
/* End PBXTargetDependency section */

/* Begin XCBuildConfiguration section */
		A169DEAB292B7AE100EFABCC /* Debug */ = {
			isa = XCBuildConfiguration;
			buildSettings = {
				ALWAYS_SEARCH_USER_PATHS = NO;
				CLANG_ANALYZER_NONNULL = YES;
				CLANG_ANALYZER_NUMBER_OBJECT_CONVERSION = YES_AGGRESSIVE;
				CLANG_CXX_LANGUAGE_STANDARD = "gnu++20";
				CLANG_ENABLE_MODULES = YES;
				CLANG_ENABLE_OBJC_ARC = YES;
				CLANG_ENABLE_OBJC_WEAK = YES;
				CLANG_WARN_BLOCK_CAPTURE_AUTORELEASING = YES;
				CLANG_WARN_BOOL_CONVERSION = YES;
				CLANG_WARN_COMMA = YES;
				CLANG_WARN_CONSTANT_CONVERSION = YES;
				CLANG_WARN_DEPRECATED_OBJC_IMPLEMENTATIONS = YES;
				CLANG_WARN_DIRECT_OBJC_ISA_USAGE = YES_ERROR;
				CLANG_WARN_DOCUMENTATION_COMMENTS = YES;
				CLANG_WARN_EMPTY_BODY = YES;
				CLANG_WARN_ENUM_CONVERSION = YES;
				CLANG_WARN_INFINITE_RECURSION = YES;
				CLANG_WARN_INT_CONVERSION = YES;
				CLANG_WARN_NON_LITERAL_NULL_CONVERSION = YES;
				CLANG_WARN_OBJC_IMPLICIT_RETAIN_SELF = YES;
				CLANG_WARN_OBJC_LITERAL_CONVERSION = YES;
				CLANG_WARN_OBJC_ROOT_CLASS = YES_ERROR;
				CLANG_WARN_QUOTED_INCLUDE_IN_FRAMEWORK_HEADER = YES;
				CLANG_WARN_RANGE_LOOP_ANALYSIS = YES;
				CLANG_WARN_STRICT_PROTOTYPES = YES;
				CLANG_WARN_SUSPICIOUS_MOVE = YES;
				CLANG_WARN_UNGUARDED_AVAILABILITY = YES_AGGRESSIVE;
				CLANG_WARN_UNREACHABLE_CODE = YES;
				CLANG_WARN__DUPLICATE_METHOD_MATCH = YES;
				COPY_PHASE_STRIP = NO;
				DEBUG_INFORMATION_FORMAT = dwarf;
				ENABLE_STRICT_OBJC_MSGSEND = YES;
				ENABLE_TESTABILITY = YES;
				GCC_C_LANGUAGE_STANDARD = gnu11;
				GCC_DYNAMIC_NO_PIC = NO;
				GCC_NO_COMMON_BLOCKS = YES;
				GCC_OPTIMIZATION_LEVEL = 0;
				GCC_PREPROCESSOR_DEFINITIONS = (
					"DEBUG=1",
					"$(inherited)",
				);
				GCC_WARN_64_TO_32_BIT_CONVERSION = YES;
				GCC_WARN_ABOUT_RETURN_TYPE = YES_ERROR;
				GCC_WARN_UNDECLARED_SELECTOR = YES;
				GCC_WARN_UNINITIALIZED_AUTOS = YES_AGGRESSIVE;
				GCC_WARN_UNUSED_FUNCTION = YES;
				GCC_WARN_UNUSED_VARIABLE = YES;
				IPHONEOS_DEPLOYMENT_TARGET = 16.1;
				MTL_ENABLE_DEBUG_INFO = INCLUDE_SOURCE;
				MTL_FAST_MATH = YES;
				ONLY_ACTIVE_ARCH = YES;
				SDKROOT = iphoneos;
				SWIFT_ACTIVE_COMPILATION_CONDITIONS = DEBUG;
				SWIFT_OPTIMIZATION_LEVEL = "-Onone";
			};
			name = Debug;
		};
		A169DEAC292B7AE100EFABCC /* Release */ = {
			isa = XCBuildConfiguration;
			buildSettings = {
				ALWAYS_SEARCH_USER_PATHS = NO;
				CLANG_ANALYZER_NONNULL = YES;
				CLANG_ANALYZER_NUMBER_OBJECT_CONVERSION = YES_AGGRESSIVE;
				CLANG_CXX_LANGUAGE_STANDARD = "gnu++20";
				CLANG_ENABLE_MODULES = YES;
				CLANG_ENABLE_OBJC_ARC = YES;
				CLANG_ENABLE_OBJC_WEAK = YES;
				CLANG_WARN_BLOCK_CAPTURE_AUTORELEASING = YES;
				CLANG_WARN_BOOL_CONVERSION = YES;
				CLANG_WARN_COMMA = YES;
				CLANG_WARN_CONSTANT_CONVERSION = YES;
				CLANG_WARN_DEPRECATED_OBJC_IMPLEMENTATIONS = YES;
				CLANG_WARN_DIRECT_OBJC_ISA_USAGE = YES_ERROR;
				CLANG_WARN_DOCUMENTATION_COMMENTS = YES;
				CLANG_WARN_EMPTY_BODY = YES;
				CLANG_WARN_ENUM_CONVERSION = YES;
				CLANG_WARN_INFINITE_RECURSION = YES;
				CLANG_WARN_INT_CONVERSION = YES;
				CLANG_WARN_NON_LITERAL_NULL_CONVERSION = YES;
				CLANG_WARN_OBJC_IMPLICIT_RETAIN_SELF = YES;
				CLANG_WARN_OBJC_LITERAL_CONVERSION = YES;
				CLANG_WARN_OBJC_ROOT_CLASS = YES_ERROR;
				CLANG_WARN_QUOTED_INCLUDE_IN_FRAMEWORK_HEADER = YES;
				CLANG_WARN_RANGE_LOOP_ANALYSIS = YES;
				CLANG_WARN_STRICT_PROTOTYPES = YES;
				CLANG_WARN_SUSPICIOUS_MOVE = YES;
				CLANG_WARN_UNGUARDED_AVAILABILITY = YES_AGGRESSIVE;
				CLANG_WARN_UNREACHABLE_CODE = YES;
				CLANG_WARN__DUPLICATE_METHOD_MATCH = YES;
				COPY_PHASE_STRIP = NO;
				DEBUG_INFORMATION_FORMAT = "dwarf-with-dsym";
				ENABLE_NS_ASSERTIONS = NO;
				ENABLE_STRICT_OBJC_MSGSEND = YES;
				GCC_C_LANGUAGE_STANDARD = gnu11;
				GCC_NO_COMMON_BLOCKS = YES;
				GCC_WARN_64_TO_32_BIT_CONVERSION = YES;
				GCC_WARN_ABOUT_RETURN_TYPE = YES_ERROR;
				GCC_WARN_UNDECLARED_SELECTOR = YES;
				GCC_WARN_UNINITIALIZED_AUTOS = YES_AGGRESSIVE;
				GCC_WARN_UNUSED_FUNCTION = YES;
				GCC_WARN_UNUSED_VARIABLE = YES;
				IPHONEOS_DEPLOYMENT_TARGET = 16.1;
				MTL_ENABLE_DEBUG_INFO = NO;
				MTL_FAST_MATH = YES;
				SDKROOT = iphoneos;
				SWIFT_COMPILATION_MODE = wholemodule;
				SWIFT_OPTIMIZATION_LEVEL = "-O";
				VALIDATE_PRODUCT = YES;
			};
			name = Release;
		};
		A169DEAE292B7AE100EFABCC /* Debug */ = {
			isa = XCBuildConfiguration;
			buildSettings = {
				ASSETCATALOG_COMPILER_APPICON_NAME = AppIcon;
				ASSETCATALOG_COMPILER_GLOBAL_ACCENT_COLOR_NAME = AccentColor;
				CODE_SIGN_STYLE = Automatic;
				CURRENT_PROJECT_VERSION = 1;
				DEVELOPMENT_ASSET_PATHS = "\"BLE/Preview Content\"";
				DEVELOPMENT_TEAM = YUH8WT596Y;
				ENABLE_PREVIEWS = YES;
				GENERATE_INFOPLIST_FILE = YES;
				INFOPLIST_KEY_NSBluetoothAlwaysUsageDescription = "Bluetooth Usage Description";
				INFOPLIST_KEY_UIApplicationSceneManifest_Generation = YES;
				INFOPLIST_KEY_UIApplicationSupportsIndirectInputEvents = YES;
				INFOPLIST_KEY_UILaunchScreen_Generation = YES;
				INFOPLIST_KEY_UISupportedInterfaceOrientations_iPad = "UIInterfaceOrientationPortrait UIInterfaceOrientationPortraitUpsideDown UIInterfaceOrientationLandscapeLeft UIInterfaceOrientationLandscapeRight";
				INFOPLIST_KEY_UISupportedInterfaceOrientations_iPhone = "UIInterfaceOrientationPortrait UIInterfaceOrientationLandscapeLeft UIInterfaceOrientationLandscapeRight";
				LD_RUNPATH_SEARCH_PATHS = (
					"$(inherited)",
					"@executable_path/Frameworks",
				);
				MARKETING_VERSION = 1.0;
				PRODUCT_BUNDLE_IDENTIFIER = sample.BLE;
				PRODUCT_NAME = "$(TARGET_NAME)";
				SWIFT_EMIT_LOC_STRINGS = YES;
				SWIFT_VERSION = 5.0;
				TARGETED_DEVICE_FAMILY = "1,2";
			};
			name = Debug;
		};
		A169DEAF292B7AE100EFABCC /* Release */ = {
			isa = XCBuildConfiguration;
			buildSettings = {
				ASSETCATALOG_COMPILER_APPICON_NAME = AppIcon;
				ASSETCATALOG_COMPILER_GLOBAL_ACCENT_COLOR_NAME = AccentColor;
				CODE_SIGN_STYLE = Automatic;
				CURRENT_PROJECT_VERSION = 1;
				DEVELOPMENT_ASSET_PATHS = "\"BLE/Preview Content\"";
				DEVELOPMENT_TEAM = YUH8WT596Y;
				ENABLE_PREVIEWS = YES;
				GENERATE_INFOPLIST_FILE = YES;
				INFOPLIST_KEY_NSBluetoothAlwaysUsageDescription = "Bluetooth Usage Description";
				INFOPLIST_KEY_UIApplicationSceneManifest_Generation = YES;
				INFOPLIST_KEY_UIApplicationSupportsIndirectInputEvents = YES;
				INFOPLIST_KEY_UILaunchScreen_Generation = YES;
				INFOPLIST_KEY_UISupportedInterfaceOrientations_iPad = "UIInterfaceOrientationPortrait UIInterfaceOrientationPortraitUpsideDown UIInterfaceOrientationLandscapeLeft UIInterfaceOrientationLandscapeRight";
				INFOPLIST_KEY_UISupportedInterfaceOrientations_iPhone = "UIInterfaceOrientationPortrait UIInterfaceOrientationLandscapeLeft UIInterfaceOrientationLandscapeRight";
				LD_RUNPATH_SEARCH_PATHS = (
					"$(inherited)",
					"@executable_path/Frameworks",
				);
				MARKETING_VERSION = 1.0;
				PRODUCT_BUNDLE_IDENTIFIER = sample.BLE;
				PRODUCT_NAME = "$(TARGET_NAME)";
				SWIFT_EMIT_LOC_STRINGS = YES;
				SWIFT_VERSION = 5.0;
				TARGETED_DEVICE_FAMILY = "1,2";
			};
			name = Release;
		};
		A169DEB1292B7AE100EFABCC /* Debug */ = {
			isa = XCBuildConfiguration;
			buildSettings = {
				ALWAYS_EMBED_SWIFT_STANDARD_LIBRARIES = YES;
				BUNDLE_LOADER = "$(TEST_HOST)";
				CODE_SIGN_STYLE = Automatic;
				CURRENT_PROJECT_VERSION = 1;
				DEVELOPMENT_TEAM = YUH8WT596Y;
				GENERATE_INFOPLIST_FILE = YES;
				IPHONEOS_DEPLOYMENT_TARGET = 16.1;
				MARKETING_VERSION = 1.0;
				PRODUCT_BUNDLE_IDENTIFIER = sample.BLETests;
				PRODUCT_NAME = "$(TARGET_NAME)";
				SWIFT_EMIT_LOC_STRINGS = NO;
				SWIFT_VERSION = 5.0;
				TARGETED_DEVICE_FAMILY = "1,2";
				TEST_HOST = "$(BUILT_PRODUCTS_DIR)/BLE.app/$(BUNDLE_EXECUTABLE_FOLDER_PATH)/BLE";
			};
			name = Debug;
		};
		A169DEB2292B7AE100EFABCC /* Release */ = {
			isa = XCBuildConfiguration;
			buildSettings = {
				ALWAYS_EMBED_SWIFT_STANDARD_LIBRARIES = YES;
				BUNDLE_LOADER = "$(TEST_HOST)";
				CODE_SIGN_STYLE = Automatic;
				CURRENT_PROJECT_VERSION = 1;
				DEVELOPMENT_TEAM = YUH8WT596Y;
				GENERATE_INFOPLIST_FILE = YES;
				IPHONEOS_DEPLOYMENT_TARGET = 16.1;
				MARKETING_VERSION = 1.0;
				PRODUCT_BUNDLE_IDENTIFIER = sample.BLETests;
				PRODUCT_NAME = "$(TARGET_NAME)";
				SWIFT_EMIT_LOC_STRINGS = NO;
				SWIFT_VERSION = 5.0;
				TARGETED_DEVICE_FAMILY = "1,2";
				TEST_HOST = "$(BUILT_PRODUCTS_DIR)/BLE.app/$(BUNDLE_EXECUTABLE_FOLDER_PATH)/BLE";
			};
			name = Release;
		};
		A169DEB4292B7AE100EFABCC /* Debug */ = {
			isa = XCBuildConfiguration;
			buildSettings = {
				ALWAYS_EMBED_SWIFT_STANDARD_LIBRARIES = YES;
				CODE_SIGN_STYLE = Automatic;
				CURRENT_PROJECT_VERSION = 1;
				DEVELOPMENT_TEAM = YUH8WT596Y;
				GENERATE_INFOPLIST_FILE = YES;
				MARKETING_VERSION = 1.0;
				PRODUCT_BUNDLE_IDENTIFIER = sample.BLEUITests;
				PRODUCT_NAME = "$(TARGET_NAME)";
				SWIFT_EMIT_LOC_STRINGS = NO;
				SWIFT_VERSION = 5.0;
				TARGETED_DEVICE_FAMILY = "1,2";
				TEST_TARGET_NAME = BLE;
			};
			name = Debug;
		};
		A169DEB5292B7AE100EFABCC /* Release */ = {
			isa = XCBuildConfiguration;
			buildSettings = {
				ALWAYS_EMBED_SWIFT_STANDARD_LIBRARIES = YES;
				CODE_SIGN_STYLE = Automatic;
				CURRENT_PROJECT_VERSION = 1;
				DEVELOPMENT_TEAM = YUH8WT596Y;
				GENERATE_INFOPLIST_FILE = YES;
				MARKETING_VERSION = 1.0;
				PRODUCT_BUNDLE_IDENTIFIER = sample.BLEUITests;
				PRODUCT_NAME = "$(TARGET_NAME)";
				SWIFT_EMIT_LOC_STRINGS = NO;
				SWIFT_VERSION = 5.0;
				TARGETED_DEVICE_FAMILY = "1,2";
				TEST_TARGET_NAME = BLE;
			};
			name = Release;
		};
/* End XCBuildConfiguration section */

/* Begin XCConfigurationList section */
		A169DE84292B7AE000EFABCC /* Build configuration list for PBXProject "BLE" */ = {
			isa = XCConfigurationList;
			buildConfigurations = (
				A169DEAB292B7AE100EFABCC /* Debug */,
				A169DEAC292B7AE100EFABCC /* Release */,
			);
			defaultConfigurationIsVisible = 0;
			defaultConfigurationName = Release;
		};
		A169DEAD292B7AE100EFABCC /* Build configuration list for PBXNativeTarget "BLE" */ = {
			isa = XCConfigurationList;
			buildConfigurations = (
				A169DEAE292B7AE100EFABCC /* Debug */,
				A169DEAF292B7AE100EFABCC /* Release */,
			);
			defaultConfigurationIsVisible = 0;
			defaultConfigurationName = Release;
		};
		A169DEB0292B7AE100EFABCC /* Build configuration list for PBXNativeTarget "BLETests" */ = {
			isa = XCConfigurationList;
			buildConfigurations = (
				A169DEB1292B7AE100EFABCC /* Debug */,
				A169DEB2292B7AE100EFABCC /* Release */,
			);
			defaultConfigurationIsVisible = 0;
			defaultConfigurationName = Release;
		};
		A169DEB3292B7AE100EFABCC /* Build configuration list for PBXNativeTarget "BLEUITests" */ = {
			isa = XCConfigurationList;
			buildConfigurations = (
				A169DEB4292B7AE100EFABCC /* Debug */,
				A169DEB5292B7AE100EFABCC /* Release */,
			);
			defaultConfigurationIsVisible = 0;
			defaultConfigurationName = Release;
		};
/* End XCConfigurationList section */
	};
	rootObject = A169DE81292B7AE000EFABCC /* Project object */;
}
